{
  "version": 4,
  "terraform_version": "1.7.4",
  "serial": 5,
  "lineage": "9a0dc0e8-acc3-5a08-2265-4d4dcd5dbe13",
  "outputs": {
    "kubernetes_cluster_host": {
      "value": "35.226.147.241",
      "type": "string"
    },
    "kubernetes_cluster_name": {
      "value": "playground-s-11-4786bbdd-gke",
      "type": "string"
    },
    "project_id": {
      "value": "playground-s-11-4786bbdd",
      "type": "string"
    },
    "region": {
      "value": "us-central1",
      "type": "string"
    }
  },
  "resources": [
    {
      "mode": "managed",
      "type": "google_compute_network",
      "name": "vpc",
      "provider": "provider[\"registry.terraform.io/hashicorp/google\"]",
      "instances": [
        {
          "schema_version": 0,
          "attributes": {
            "auto_create_subnetworks": false,
            "delete_default_routes_on_create": false,
            "description": "",
            "enable_ula_internal_ipv6": false,
            "gateway_ipv4": "",
            "id": "projects/playground-s-11-4786bbdd/global/networks/playground-s-11-4786bbdd-vpc",
            "internal_ipv6_range": "",
            "mtu": 0,
            "name": "playground-s-11-4786bbdd-vpc",
            "project": "playground-s-11-4786bbdd",
            "routing_mode": "REGIONAL",
            "self_link": "https://www.googleapis.com/compute/v1/projects/playground-s-11-4786bbdd/global/networks/playground-s-11-4786bbdd-vpc",
            "timeouts": null
          },
          "sensitive_attributes": [],
          "private": "eyJlMmJmYjczMC1lY2FhLTExZTYtOGY4OC0zNDM2M2JjN2M0YzAiOnsiY3JlYXRlIjoxMjAwMDAwMDAwMDAwLCJkZWxldGUiOjEyMDAwMDAwMDAwMDAsInVwZGF0ZSI6MTIwMDAwMDAwMDAwMH19"
        }
      ]
    },
    {
      "mode": "managed",
      "type": "google_compute_subnetwork",
      "name": "subnet",
      "provider": "provider[\"registry.terraform.io/hashicorp/google\"]",
      "instances": [
        {
          "schema_version": 0,
          "attributes": {
            "creation_timestamp": "2024-03-26T07:14:59.211-07:00",
            "description": "",
            "external_ipv6_prefix": "",
            "fingerprint": null,
            "gateway_address": "10.10.0.1",
            "id": "projects/playground-s-11-4786bbdd/regions/us-central1/subnetworks/playground-s-11-4786bbdd-subnet",
            "ip_cidr_range": "10.10.0.0/24",
            "ipv6_access_type": "",
            "ipv6_cidr_range": "",
            "log_config": [],
            "name": "playground-s-11-4786bbdd-subnet",
            "network": "https://www.googleapis.com/compute/v1/projects/playground-s-11-4786bbdd/global/networks/playground-s-11-4786bbdd-vpc",
            "private_ip_google_access": false,
            "private_ipv6_google_access": "DISABLE_GOOGLE_ACCESS",
            "project": "playground-s-11-4786bbdd",
            "purpose": "PRIVATE",
            "region": "us-central1",
            "role": "",
            "secondary_ip_range": [],
            "self_link": "https://www.googleapis.com/compute/v1/projects/playground-s-11-4786bbdd/regions/us-central1/subnetworks/playground-s-11-4786bbdd-subnet",
            "stack_type": "IPV4_ONLY",
            "timeouts": null
          },
          "sensitive_attributes": [],
          "private": "eyJlMmJmYjczMC1lY2FhLTExZTYtOGY4OC0zNDM2M2JjN2M0YzAiOnsiY3JlYXRlIjoxMjAwMDAwMDAwMDAwLCJkZWxldGUiOjEyMDAwMDAwMDAwMDAsInVwZGF0ZSI6MTIwMDAwMDAwMDAwMH19",
          "dependencies": [
            "google_compute_network.vpc"
          ]
        }
      ]
    },
    {
      "mode": "managed",
      "type": "google_container_cluster",
      "name": "primary",
      "provider": "provider[\"registry.terraform.io/hashicorp/google\"]",
      "instances": [
        {
          "schema_version": 1,
          "attributes": {
            "addons_config": [
              {
                "cloudrun_config": [],
                "gcp_filestore_csi_driver_config": [],
                "horizontal_pod_autoscaling": [],
                "http_load_balancing": [],
                "network_policy_config": [
                  {
                    "disabled": true
                  }
                ]
              }
            ],
            "authenticator_groups_config": [],
            "cluster_autoscaling": [
              {
                "auto_provisioning_defaults": [],
                "enabled": false,
                "resource_limits": []
              }
            ],
            "cluster_ipv4_cidr": "10.112.0.0/14",
            "confidential_nodes": [],
            "database_encryption": [
              {
                "key_name": "",
                "state": "DECRYPTED"
              }
            ],
            "datapath_provider": "",
            "default_max_pods_per_node": null,
            "default_snat_status": [
              {
                "disabled": false
              }
            ],
            "description": "",
            "dns_config": [],
            "enable_autopilot": false,
            "enable_binary_authorization": false,
            "enable_intranode_visibility": false,
            "enable_kubernetes_alpha": false,
            "enable_legacy_abac": false,
            "enable_shielded_nodes": true,
            "enable_tpu": false,
            "endpoint": "35.226.147.241",
            "id": "projects/playground-s-11-4786bbdd/locations/us-central1/clusters/playground-s-11-4786bbdd-gke",
            "initial_node_count": 1,
            "ip_allocation_policy": [],
            "label_fingerprint": "a9dc16a7",
            "location": "us-central1",
            "logging_config": [
              {
                "enable_components": [
                  "SYSTEM_COMPONENTS",
                  "WORKLOADS"
                ]
              }
            ],
            "logging_service": "logging.googleapis.com/kubernetes",
            "maintenance_policy": [],
            "master_auth": [
              {
                "client_certificate": "",
                "client_certificate_config": [
                  {
                    "issue_client_certificate": false
                  }
                ],
                "client_key": "",
                "cluster_ca_certificate": "LS0tLS1CRUdJTiBDRVJUSUZJQ0FURS0tLS0tCk1JSUVMRENDQXBTZ0F3SUJBZ0lRYlp0eElUS3RsK2pxeHlFb21GZlpRekFOQmdrcWhraUc5dzBCQVFzRkFEQXYKTVMwd0t3WURWUVFERXlRd056RTFZVFk1WmkxbE0yVXdMVFJsT0dVdFlqa3dPUzFtWlRRNFpXSm1ZVGxsTnpNdwpJQmNOTWpRd016STJNVE14TlRFeldoZ1BNakExTkRBek1Ua3hOREUxTVROYU1DOHhMVEFyQmdOVkJBTVRKREEzCk1UVmhOamxtTFdVelpUQXROR1U0WlMxaU9UQTVMV1psTkRobFltWmhPV1UzTXpDQ0FhSXdEUVlKS29aSWh2Y04KQVFFQkJRQURnZ0dQQURDQ0FZb0NnZ0dCQUxwSW01NEF6QjBzWHV3U0NseU1ERDZTd0tTd0ZXZ21mdG5SRDNDWAp5dnBCZmh2alBzUmNRaFFyNnczWDFCTnlINTZNSStrKzAvWDlJdnNHLzNrMmRJVkZnSm1kYUNvNytOczNGclN0CmFITzNRejNkTHo1ejhmZzN3VGtmbnh6N1o1UzVTMnc1UTVycGJISVJkVG1ka3hrWUJvelNxbGhiVkFtdU96QjMKaFdnOFlIYkVmOE9RbFZTVDYvTG1Ka2RPaW5EdmZZc2dHTVNNbVpxRGprNytRVHJ2YnhFYWJJcjlzNUFIVTBPaAowSjcySUwrSDlwUDFQK0xaR1h4ZEZPZE00cUhSa3lBcVhVQ3ZlVmtiektCa1lvbkgzTHZWTVQvb0Fsa2NzcFBZCndPTnpwSDlHT2RxRHFxMHNLUk1KUW1PYjJDNTJ1R3NHUW9kT080S2xNZzVvbVJCejdEZkFvVkovWTU1NWFpbFEKY25UNVo0OUwzRU5wV3ZFZGljWklxK0d5Q0pFWTcwaGIvMXJtMUNyYTdpN2R3Vmx4S0dOVnpob1ZDWU5NMThPcgpEZ1A0eDBjTGRrTU1ZOUFTdjFhVUwwQ2FPTHlRbzUvMCtWZ1Z4bzRHc1pEYjBON051VzdSUUlVdldRSTNuRUdQCjBBS0RHWmw0TlhUKytVMjl1eGRMS3VlV0J3SURBUUFCbzBJd1FEQU9CZ05WSFE4QkFmOEVCQU1DQWdRd0R3WUQKVlIwVEFRSC9CQVV3QXdFQi96QWRCZ05WSFE0RUZnUVUyaHVHbmsrMXlHWHF4NHhLUHhydklKemc5RU13RFFZSgpLb1pJaHZjTkFRRUxCUUFEZ2dHQkFCbFozaTlxd1R6NmJ1YjhmOUNhZEdjZnViTlBpUkdyK0hMazErRTRGM3ZqCmdLbVR2R2hnOVJDSFRZOTRWUmRCZEdGTkFmaUUzNkd6d2RwVDhnd3hGbjZsTG5QL05kRlRxUm04NUw4ZkRlWkMKVDJzRjFBdC9oMlJPWXJFSXJGNm41bFNQQUx6VHJLeFE5QzdTMUkrUGw0eUJpcXpSbGszaTVKRGVWZlNzYkVWcQpuSmdoeURDQXJMNGx1djhRU09OMlEzamhpKzJZSmo1ZzJMbzZhODMvb0x3Yll5U05CbzJ1bk5ZZENyRkttZ0N0CmhoVTh5YnRPVDdkdG53NTlkRmJPTUlPMFNKRU1EckFna2p2YmlBNkhteWNyS0pBRENuUmo5YzlVSkUwbEg4WjMKUG1hYk92VUpnQmhBTWtHZlQwaE1TUEtZUy90a1lMVXh2cjAzK0hHbkNxa3RKOUhNMXJXTmlIdXpzd1VIWDh5bwpvQ0hMalFsZGJOSVRQZUJ1T2tvOTVhNmlpMEVVeHpQQ2JSeHBvSExZZjA4ZnpyVFJsbEorZ0k2Mk5SNkROc1VzCnpnZnhKeDNVdmVFaDZSOGp5WWtvQ2J5c2ROcVNCOVZ3QlRrVTZKU00yVzZHZ0gvS1NPWVF5dzBPVTEzQVpuc1EKM3VDL2MxeE1GdW9rK2dHUmdJeTdkUT09Ci0tLS0tRU5EIENFUlRJRklDQVRFLS0tLS0K"
              }
            ],
            "master_authorized_networks_config": [],
            "master_version": "1.27.8-gke.1067004",
            "min_master_version": null,
            "monitoring_config": [
              {
                "enable_components": [
                  "SYSTEM_COMPONENTS"
                ]
              }
            ],
            "monitoring_service": "monitoring.googleapis.com/kubernetes",
            "name": "playground-s-11-4786bbdd-gke",
            "network": "projects/playground-s-11-4786bbdd/global/networks/playground-s-11-4786bbdd-vpc",
            "network_policy": [
              {
                "enabled": false,
                "provider": "PROVIDER_UNSPECIFIED"
              }
            ],
            "networking_mode": "ROUTES",
            "node_config": [],
            "node_locations": [
              "us-central1-a",
              "us-central1-b",
              "us-central1-f"
            ],
            "node_pool": [],
            "node_version": "1.27.8-gke.1067004",
            "operation": null,
            "private_cluster_config": [
              {
                "enable_private_endpoint": false,
                "enable_private_nodes": false,
                "master_global_access_config": [
                  {
                    "enabled": false
                  }
                ],
                "master_ipv4_cidr_block": "",
                "peering_name": "",
                "private_endpoint": "10.10.0.2",
                "public_endpoint": "35.226.147.241"
              }
            ],
            "private_ipv6_google_access": "",
            "project": "playground-s-11-4786bbdd",
            "release_channel": [
              {
                "channel": "REGULAR"
              }
            ],
            "remove_default_node_pool": true,
            "resource_labels": null,
            "resource_usage_export_config": [],
            "self_link": "https://container.googleapis.com/v1/projects/playground-s-11-4786bbdd/locations/us-central1/clusters/playground-s-11-4786bbdd-gke",
            "services_ipv4_cidr": "10.115.240.0/20",
            "subnetwork": "projects/playground-s-11-4786bbdd/regions/us-central1/subnetworks/playground-s-11-4786bbdd-subnet",
            "timeouts": null,
            "tpu_ipv4_cidr_block": "",
            "vertical_pod_autoscaling": [],
            "workload_identity_config": []
          },
          "sensitive_attributes": [],
          "private": "eyJlMmJmYjczMC1lY2FhLTExZTYtOGY4OC0zNDM2M2JjN2M0YzAiOnsiY3JlYXRlIjoyNDAwMDAwMDAwMDAwLCJkZWxldGUiOjI0MDAwMDAwMDAwMDAsInJlYWQiOjI0MDAwMDAwMDAwMDAsInVwZGF0ZSI6MzYwMDAwMDAwMDAwMH0sInNjaGVtYV92ZXJzaW9uIjoiMSJ9",
          "dependencies": [
            "google_compute_network.vpc",
            "google_compute_subnetwork.subnet"
          ]
        }
      ]
    },
    {
      "mode": "managed",
      "type": "google_container_node_pool",
      "name": "primary_nodes",
      "provider": "provider[\"registry.terraform.io/hashicorp/google\"]",
      "instances": [
        {
          "schema_version": 1,
          "attributes": {
            "autoscaling": [],
            "cluster": "playground-s-11-4786bbdd-gke",
            "id": "projects/playground-s-11-4786bbdd/locations/us-central1/clusters/playground-s-11-4786bbdd-gke/nodePools/playground-s-11-4786bbdd-gke",
            "initial_node_count": 1,
            "instance_group_urls": [
              "https://www.googleapis.com/compute/v1/projects/playground-s-11-4786bbdd/zones/us-central1-b/instanceGroupManagers/gke-playground-s-11--playground-s-11--d58774b9-grp",
              "https://www.googleapis.com/compute/v1/projects/playground-s-11-4786bbdd/zones/us-central1-f/instanceGroupManagers/gke-playground-s-11--playground-s-11--4381b888-grp",
              "https://www.googleapis.com/compute/v1/projects/playground-s-11-4786bbdd/zones/us-central1-a/instanceGroupManagers/gke-playground-s-11--playground-s-11--50a31f52-grp"
            ],
            "location": "us-central1",
            "managed_instance_group_urls": [
              "https://www.googleapis.com/compute/v1/projects/playground-s-11-4786bbdd/zones/us-central1-b/instanceGroups/gke-playground-s-11--playground-s-11--d58774b9-grp",
              "https://www.googleapis.com/compute/v1/projects/playground-s-11-4786bbdd/zones/us-central1-f/instanceGroups/gke-playground-s-11--playground-s-11--4381b888-grp",
              "https://www.googleapis.com/compute/v1/projects/playground-s-11-4786bbdd/zones/us-central1-a/instanceGroups/gke-playground-s-11--playground-s-11--50a31f52-grp"
            ],
            "management": [
              {
                "auto_repair": true,
                "auto_upgrade": true
              }
            ],
            "max_pods_per_node": null,
            "name": "playground-s-11-4786bbdd-gke",
            "name_prefix": "",
            "node_config": [
              {
                "boot_disk_kms_key": "",
                "disk_size_gb": 30,
                "disk_type": "pd-balanced",
                "gcfs_config": [],
                "guest_accelerator": [],
                "gvnic": [],
                "image_type": "COS_CONTAINERD",
                "labels": {
                  "env": "playground-s-11-4786bbdd"
                },
                "local_ssd_count": 0,
                "machine_type": "e2-medium",
                "metadata": {
                  "disable-legacy-endpoints": "true"
                },
                "min_cpu_platform": "",
                "node_group": "",
                "oauth_scopes": [
                  "https://www.googleapis.com/auth/logging.write",
                  "https://www.googleapis.com/auth/monitoring"
                ],
                "preemptible": false,
                "service_account": "default",
                "shielded_instance_config": [
                  {
                    "enable_integrity_monitoring": true,
                    "enable_secure_boot": false
                  }
                ],
                "spot": false,
                "tags": [
                  "gke-node",
                  "playground-s-11-4786bbdd-gke"
                ],
                "taint": [],
                "workload_metadata_config": []
              }
            ],
            "node_count": 1,
            "node_locations": [
              "us-central1-a",
              "us-central1-b",
              "us-central1-f"
            ],
            "operation": null,
            "project": "playground-s-11-4786bbdd",
            "timeouts": null,
            "upgrade_settings": [
              {
                "max_surge": 1,
                "max_unavailable": 0
              }
            ],
            "version": "1.27.8-gke.1067004"
          },
          "sensitive_attributes": [],
          "private": "eyJlMmJmYjczMC1lY2FhLTExZTYtOGY4OC0zNDM2M2JjN2M0YzAiOnsiY3JlYXRlIjoxODAwMDAwMDAwMDAwLCJkZWxldGUiOjE4MDAwMDAwMDAwMDAsInVwZGF0ZSI6MTgwMDAwMDAwMDAwMH0sInNjaGVtYV92ZXJzaW9uIjoiMSJ9",
          "dependencies": [
            "google_compute_network.vpc",
            "google_compute_subnetwork.subnet",
            "google_container_cluster.primary"
          ]
        }
      ]
    }
  ],
  "check_results": null
}
